{
  "version": 4,
  "terraform_version": "0.14.2",
  "serial": 49,
  "lineage": "f5cec04a-950b-5dfd-11d0-02af75259822",
  "outputs": {
    "len": {
      "value": 27,
      "type": "number"
    },
    "name": {
      "value": {
        "b64_std": "scalr-KZ7qFGJjC6dxvQG0qHaDooZy9/A=",
        "b64_url": "scalr-KZ7qFGJjC6dxvQG0qHaDooZy9_A",
        "byte_length": 20,
        "dec": "scalr-237612530556479246615131906411726645745660655600",
        "hex": "scalr-299eea1462630ba771bd01b4a87683a28672f7f0",
        "id": "KZ7qFGJjC6dxvQG0qHaDooZy9_A",
        "keepers": {
          "name": "value"
        },
        "prefix": "scalr-"
      },
      "type": [
        "object",
        {
          "b64_std": "string",
          "b64_url": "string",
          "byte_length": "number",
          "dec": "string",
          "hex": "string",
          "id": "string",
          "keepers": [
            "map",
            "string"
          ],
          "prefix": "string"
        }
      ]
    }
  },
  "resources": [
    {
      "mode": "managed",
      "type": "random_id",
      "name": "name",
      "provider": "provider[\"registry.terraform.io/hashicorp/random\"]",
      "instances": [
        {
          "schema_version": 0,
          "attributes": {
            "b64_std": "scalr-KZ7qFGJjC6dxvQG0qHaDooZy9/A=",
            "b64_url": "scalr-KZ7qFGJjC6dxvQG0qHaDooZy9_A",
            "byte_length": 20,
            "dec": "scalr-237612530556479246615131906411726645745660655600",
            "hex": "scalr-299eea1462630ba771bd01b4a87683a28672f7f0",
            "id": "KZ7qFGJjC6dxvQG0qHaDooZy9_A",
            "keepers": {
              "name": "value"
            },
            "prefix": "scalr-"
          },
          "sensitive_attributes": [],
          "private": "bnVsbA=="
        }
      ]
    }
  ]
}
